
Microsoft Visual Studio Solution File, Format Version 12.00
# Visual Studio 15
VisualStudioVersion = 15.0.28307.421
MinimumVisualStudioVersion = 10.0.40219.1
Project("{888888A0-9F3D-457C-B088-3A5042F75D52}") = "anagrammer", "anagrammer.pyproj", "{95D1A07C-9954-462A-9662-3DE6A380E893}"
EndProject
Global
	GlobalSection(SolutionConfigurationPlatforms) = preSolution
		Debug|Any CPU = Debug|Any CPU
		Release|Any CPU = Release|Any CPU
	EndGlobalSection
	GlobalSection(ProjectConfigurationPlatforms) = postSolution
		{95D1A07C-9954-462A-9662-3DE6A380E893}.Debug|Any CPU.ActiveCfg = Debug|Any CPU
		{95D1A07C-9954-462A-9662-3DE6A380E893}.Release|Any CPU.ActiveCfg = Release|Any CPU
	EndGlobalSection
	GlobalSection(SolutionProperties) = preSolution
		HideSolutionNode = FALSE
	EndGlobalSection
	GlobalSection(ExtensibilityGlobals) = postSolution
		SolutionGuid = {AD6C6B9A-1324-4F33-A726-1C3969458E9F}
	EndGlobalSection
EndGlobal
